
Microsoft Visual Studio Solution File, Format Version 12.00
# Visual Studio Version 16
VisualStudioVersion = 16.0.30011.22
MinimumVisualStudioVersion = 10.0.40219.1
Project("{FAE04EC0-301F-11D3-BF4B-00C04F79EFBC}") = "CompositePattern", "CompositePattern\CompositePattern.csproj", "{99CDBDB8-4043-4491-98C9-CD9010E227DD}"
EndProject
Global
	GlobalSection(SolutionConfigurationPlatforms) = preSolution
		Debug|Any CPU = Debug|Any CPU
		Release|Any CPU = Release|Any CPU
	EndGlobalSection
	GlobalSection(ProjectConfigurationPlatforms) = postSolution
		{99CDBDB8-4043-4491-98C9-CD9010E227DD}.Debug|Any CPU.ActiveCfg = Debug|Any CPU
		{99CDBDB8-4043-4491-98C9-CD9010E227DD}.Debug|Any CPU.Build.0 = Debug|Any CPU
		{99CDBDB8-4043-4491-98C9-CD9010E227DD}.Release|Any CPU.ActiveCfg = Release|Any CPU
		{99CDBDB8-4043-4491-98C9-CD9010E227DD}.Release|Any CPU.Build.0 = Release|Any CPU
	EndGlobalSection
	GlobalSection(SolutionProperties) = preSolution
		HideSolutionNode = FALSE
	EndGlobalSection
	GlobalSection(ExtensibilityGlobals) = postSolution
		SolutionGuid = {74B16EE5-BAF7-4923-834C-2DD9B44E2ACC}
	EndGlobalSection
EndGlobal
