
Microsoft Visual Studio Solution File, Format Version 12.00
# Visual Studio Version 16
VisualStudioVersion = 16.0.30011.22
MinimumVisualStudioVersion = 10.0.40219.1
Project("{FAE04EC0-301F-11D3-BF4B-00C04F79EFBC}") = "CompositeExercise", "CompositeExercise\CompositeExercise.csproj", "{97316BC2-B7FF-4554-9FBA-DE521817F62F}"
EndProject
Global
	GlobalSection(SolutionConfigurationPlatforms) = preSolution
		Debug|Any CPU = Debug|Any CPU
		Release|Any CPU = Release|Any CPU
	EndGlobalSection
	GlobalSection(ProjectConfigurationPlatforms) = postSolution
		{97316BC2-B7FF-4554-9FBA-DE521817F62F}.Debug|Any CPU.ActiveCfg = Debug|Any CPU
		{97316BC2-B7FF-4554-9FBA-DE521817F62F}.Debug|Any CPU.Build.0 = Debug|Any CPU
		{97316BC2-B7FF-4554-9FBA-DE521817F62F}.Release|Any CPU.ActiveCfg = Release|Any CPU
		{97316BC2-B7FF-4554-9FBA-DE521817F62F}.Release|Any CPU.Build.0 = Release|Any CPU
	EndGlobalSection
	GlobalSection(SolutionProperties) = preSolution
		HideSolutionNode = FALSE
	EndGlobalSection
	GlobalSection(ExtensibilityGlobals) = postSolution
		SolutionGuid = {0FA68286-10D3-4497-93F9-DD9794E2C79D}
	EndGlobalSection
EndGlobal
