
Microsoft Visual Studio Solution File, Format Version 12.00
# Visual Studio Version 16
VisualStudioVersion = 16.0.30011.22
MinimumVisualStudioVersion = 10.0.40219.1
Project("{FAE04EC0-301F-11D3-BF4B-00C04F79EFBC}") = "FacadePattern", "FacadePattern\FacadePattern.csproj", "{235A2857-8C73-46CA-B35E-E686994B0950}"
EndProject
Global
	GlobalSection(SolutionConfigurationPlatforms) = preSolution
		Debug|Any CPU = Debug|Any CPU
		Release|Any CPU = Release|Any CPU
	EndGlobalSection
	GlobalSection(ProjectConfigurationPlatforms) = postSolution
		{235A2857-8C73-46CA-B35E-E686994B0950}.Debug|Any CPU.ActiveCfg = Debug|Any CPU
		{235A2857-8C73-46CA-B35E-E686994B0950}.Debug|Any CPU.Build.0 = Debug|Any CPU
		{235A2857-8C73-46CA-B35E-E686994B0950}.Release|Any CPU.ActiveCfg = Release|Any CPU
		{235A2857-8C73-46CA-B35E-E686994B0950}.Release|Any CPU.Build.0 = Release|Any CPU
	EndGlobalSection
	GlobalSection(SolutionProperties) = preSolution
		HideSolutionNode = FALSE
	EndGlobalSection
	GlobalSection(ExtensibilityGlobals) = postSolution
		SolutionGuid = {E509655E-044C-48C6-8F0B-68E5B0E4B2F9}
	EndGlobalSection
EndGlobal
